{
  "name": "log-proxy",
  "version": "1.0.0",
  "lockfileVersion": 3,
  "requires": true,
  "packages": {
    "": {
      "name": "log-proxy",
      "version": "1.0.0",
      "hasInstallScript": true,
      "license": "Apache-2.0",
      "bin": {
        "web-proxy": "bin/run.js"
      }
    }
  }
}
